
Microsoft Visual Studio Solution File, Format Version 12.00
# Visual Studio 14
VisualStudioVersion = 14.0.24720.0
MinimumVisualStudioVersion = 10.0.40219.1
Project("{FAE04EC0-301F-11D3-BF4B-00C04F79EFBC}") = "ClassBasics", "ClassBasics\ClassBasics.csproj", "{F1554034-C480-4D2D-A64A-4FE01BB1E823}"
EndProject
Project("{FAE04EC0-301F-11D3-BF4B-00C04F79EFBC}") = "MethodDemo", "MethodDemo\MethodDemo.csproj", "{AE50ED36-3E0D-4FE2-B989-85EFA99B907E}"
EndProject
Project("{FAE04EC0-301F-11D3-BF4B-00C04F79EFBC}") = "StaticDemo", "StaticDemo\StaticDemo.csproj", "{54F8CCA5-46EA-4E14-A665-80C278BB92A5}"
EndProject
Project("{FAE04EC0-301F-11D3-BF4B-00C04F79EFBC}") = "Common", "Common\Common.csproj", "{062187E6-5F5E-452A-89B9-373C62FC9F17}"
EndProject
Global
	GlobalSection(SolutionConfigurationPlatforms) = preSolution
		Debug|Any CPU = Debug|Any CPU
		Release|Any CPU = Release|Any CPU
	EndGlobalSection
	GlobalSection(ProjectConfigurationPlatforms) = postSolution
		{F1554034-C480-4D2D-A64A-4FE01BB1E823}.Debug|Any CPU.ActiveCfg = Debug|Any CPU
		{F1554034-C480-4D2D-A64A-4FE01BB1E823}.Debug|Any CPU.Build.0 = Debug|Any CPU
		{F1554034-C480-4D2D-A64A-4FE01BB1E823}.Release|Any CPU.ActiveCfg = Release|Any CPU
		{F1554034-C480-4D2D-A64A-4FE01BB1E823}.Release|Any CPU.Build.0 = Release|Any CPU
		{AE50ED36-3E0D-4FE2-B989-85EFA99B907E}.Debug|Any CPU.ActiveCfg = Debug|Any CPU
		{AE50ED36-3E0D-4FE2-B989-85EFA99B907E}.Debug|Any CPU.Build.0 = Debug|Any CPU
		{AE50ED36-3E0D-4FE2-B989-85EFA99B907E}.Release|Any CPU.ActiveCfg = Release|Any CPU
		{AE50ED36-3E0D-4FE2-B989-85EFA99B907E}.Release|Any CPU.Build.0 = Release|Any CPU
		{54F8CCA5-46EA-4E14-A665-80C278BB92A5}.Debug|Any CPU.ActiveCfg = Debug|Any CPU
		{54F8CCA5-46EA-4E14-A665-80C278BB92A5}.Debug|Any CPU.Build.0 = Debug|Any CPU
		{54F8CCA5-46EA-4E14-A665-80C278BB92A5}.Release|Any CPU.ActiveCfg = Release|Any CPU
		{54F8CCA5-46EA-4E14-A665-80C278BB92A5}.Release|Any CPU.Build.0 = Release|Any CPU
		{062187E6-5F5E-452A-89B9-373C62FC9F17}.Debug|Any CPU.ActiveCfg = Debug|Any CPU
		{062187E6-5F5E-452A-89B9-373C62FC9F17}.Debug|Any CPU.Build.0 = Debug|Any CPU
		{062187E6-5F5E-452A-89B9-373C62FC9F17}.Release|Any CPU.ActiveCfg = Release|Any CPU
		{062187E6-5F5E-452A-89B9-373C62FC9F17}.Release|Any CPU.Build.0 = Release|Any CPU
	EndGlobalSection
	GlobalSection(SolutionProperties) = preSolution
		HideSolutionNode = FALSE
	EndGlobalSection
EndGlobal
